
Microsoft Visual Studio Solution File, Format Version 12.00
# Visual Studio 2013
VisualStudioVersion = 12.0.30516.0
MinimumVisualStudioVersion = 10.0.40219.1
Project("{FAE04EC0-301F-11D3-BF4B-00C04F79EFBC}") = "AMSClients", "AMSClients\AMSClients\AMSClients.csproj", "{460C84A7-8610-4FB6-9F46-1341D5B0547F}"
EndProject
Project("{FAE04EC0-301F-11D3-BF4B-00C04F79EFBC}") = "AMSClients.iOS", "AMSClients\AMSClients.iOS\AMSClients.iOS.csproj", "{66FCEC5C-6170-46CF-8302-88486752AFFC}"
EndProject
Project("{FAE04EC0-301F-11D3-BF4B-00C04F79EFBC}") = "AMSClients.Android", "AMSClients\AMSClients.Android\AMSClients.Android.csproj", "{20CC71F4-FE1E-4408-9B4D-B2F3E1B9DFAE}"
EndProject
Project("{FAE04EC0-301F-11D3-BF4B-00C04F79EFBC}") = "AMSClients.WinPhone", "AMSClients\AMSClients.WinPhone\AMSClients.WinPhone.csproj", "{9D2BFCB5-2628-49FC-91EF-BCBCACDCE034}"
EndProject
Global
	GlobalSection(SolutionConfigurationPlatforms) = preSolution
		Ad-Hoc|Any CPU = Ad-Hoc|Any CPU
		Ad-Hoc|ARM = Ad-Hoc|ARM
		Ad-Hoc|iPhone = Ad-Hoc|iPhone
		Ad-Hoc|iPhoneSimulator = Ad-Hoc|iPhoneSimulator
		Ad-Hoc|Mixed Platforms = Ad-Hoc|Mixed Platforms
		Ad-Hoc|x86 = Ad-Hoc|x86
		AppStore|Any CPU = AppStore|Any CPU
		AppStore|ARM = AppStore|ARM
		AppStore|iPhone = AppStore|iPhone
		AppStore|iPhoneSimulator = AppStore|iPhoneSimulator
		AppStore|Mixed Platforms = AppStore|Mixed Platforms
		AppStore|x86 = AppStore|x86
		Debug|Any CPU = Debug|Any CPU
		Debug|ARM = Debug|ARM
		Debug|iPhone = Debug|iPhone
		Debug|iPhoneSimulator = Debug|iPhoneSimulator
		Debug|Mixed Platforms = Debug|Mixed Platforms
		Debug|x86 = Debug|x86
		Release|Any CPU = Release|Any CPU
		Release|ARM = Release|ARM
		Release|iPhone = Release|iPhone
		Release|iPhoneSimulator = Release|iPhoneSimulator
		Release|Mixed Platforms = Release|Mixed Platforms
		Release|x86 = Release|x86
	EndGlobalSection
	GlobalSection(ProjectConfigurationPlatforms) = postSolution
		{460C84A7-8610-4FB6-9F46-1341D5B0547F}.Ad-Hoc|Any CPU.ActiveCfg = Release|Any CPU
		{460C84A7-8610-4FB6-9F46-1341D5B0547F}.Ad-Hoc|Any CPU.Build.0 = Release|Any CPU
		{460C84A7-8610-4FB6-9F46-1341D5B0547F}.Ad-Hoc|ARM.ActiveCfg = Release|Any CPU
		{460C84A7-8610-4FB6-9F46-1341D5B0547F}.Ad-Hoc|iPhone.ActiveCfg = Release|Any CPU
		{460C84A7-8610-4FB6-9F46-1341D5B0547F}.Ad-Hoc|iPhoneSimulator.ActiveCfg = Release|Any CPU
		{460C84A7-8610-4FB6-9F46-1341D5B0547F}.Ad-Hoc|Mixed Platforms.ActiveCfg = Release|Any CPU
		{460C84A7-8610-4FB6-9F46-1341D5B0547F}.Ad-Hoc|Mixed Platforms.Build.0 = Release|Any CPU
		{460C84A7-8610-4FB6-9F46-1341D5B0547F}.Ad-Hoc|x86.ActiveCfg = Release|Any CPU
		{460C84A7-8610-4FB6-9F46-1341D5B0547F}.AppStore|Any CPU.ActiveCfg = Release|Any CPU
		{460C84A7-8610-4FB6-9F46-1341D5B0547F}.AppStore|Any CPU.Build.0 = Release|Any CPU
		{460C84A7-8610-4FB6-9F46-1341D5B0547F}.AppStore|ARM.ActiveCfg = Release|Any CPU
		{460C84A7-8610-4FB6-9F46-1341D5B0547F}.AppStore|iPhone.ActiveCfg = Release|Any CPU
		{460C84A7-8610-4FB6-9F46-1341D5B0547F}.AppStore|iPhoneSimulator.ActiveCfg = Release|Any CPU
		{460C84A7-8610-4FB6-9F46-1341D5B0547F}.AppStore|Mixed Platforms.ActiveCfg = Release|Any CPU
		{460C84A7-8610-4FB6-9F46-1341D5B0547F}.AppStore|Mixed Platforms.Build.0 = Release|Any CPU
		{460C84A7-8610-4FB6-9F46-1341D5B0547F}.AppStore|x86.ActiveCfg = Release|Any CPU
		{460C84A7-8610-4FB6-9F46-1341D5B0547F}.Debug|Any CPU.ActiveCfg = Debug|Any CPU
		{460C84A7-8610-4FB6-9F46-1341D5B0547F}.Debug|Any CPU.Build.0 = Debug|Any CPU
		{460C84A7-8610-4FB6-9F46-1341D5B0547F}.Debug|ARM.ActiveCfg = Debug|Any CPU
		{460C84A7-8610-4FB6-9F46-1341D5B0547F}.Debug|iPhone.ActiveCfg = Debug|Any CPU
		{460C84A7-8610-4FB6-9F46-1341D5B0547F}.Debug|iPhoneSimulator.ActiveCfg = Debug|Any CPU
		{460C84A7-8610-4FB6-9F46-1341D5B0547F}.Debug|Mixed Platforms.ActiveCfg = Debug|Any CPU
		{460C84A7-8610-4FB6-9F46-1341D5B0547F}.Debug|Mixed Platforms.Build.0 = Debug|Any CPU
		{460C84A7-8610-4FB6-9F46-1341D5B0547F}.Debug|x86.ActiveCfg = Debug|Any CPU
		{460C84A7-8610-4FB6-9F46-1341D5B0547F}.Release|Any CPU.ActiveCfg = Release|Any CPU
		{460C84A7-8610-4FB6-9F46-1341D5B0547F}.Release|Any CPU.Build.0 = Release|Any CPU
		{460C84A7-8610-4FB6-9F46-1341D5B0547F}.Release|ARM.ActiveCfg = Release|Any CPU
		{460C84A7-8610-4FB6-9F46-1341D5B0547F}.Release|iPhone.ActiveCfg = Release|Any CPU
		{460C84A7-8610-4FB6-9F46-1341D5B0547F}.Release|iPhoneSimulator.ActiveCfg = Release|Any CPU
		{460C84A7-8610-4FB6-9F46-1341D5B0547F}.Release|Mixed Platforms.ActiveCfg = Release|Any CPU
		{460C84A7-8610-4FB6-9F46-1341D5B0547F}.Release|Mixed Platforms.Build.0 = Release|Any CPU
		{460C84A7-8610-4FB6-9F46-1341D5B0547F}.Release|x86.ActiveCfg = Release|Any CPU
		{66FCEC5C-6170-46CF-8302-88486752AFFC}.Ad-Hoc|Any CPU.ActiveCfg = Ad-Hoc|iPhone
		{66FCEC5C-6170-46CF-8302-88486752AFFC}.Ad-Hoc|ARM.ActiveCfg = Ad-Hoc|iPhone
		{66FCEC5C-6170-46CF-8302-88486752AFFC}.Ad-Hoc|iPhone.ActiveCfg = Ad-Hoc|iPhone
		{66FCEC5C-6170-46CF-8302-88486752AFFC}.Ad-Hoc|iPhone.Build.0 = Ad-Hoc|iPhone
		{66FCEC5C-6170-46CF-8302-88486752AFFC}.Ad-Hoc|iPhone.Deploy.0 = Ad-Hoc|iPhone
		{66FCEC5C-6170-46CF-8302-88486752AFFC}.Ad-Hoc|iPhoneSimulator.ActiveCfg = Ad-Hoc|iPhoneSimulator
		{66FCEC5C-6170-46CF-8302-88486752AFFC}.Ad-Hoc|iPhoneSimulator.Build.0 = Ad-Hoc|iPhoneSimulator
		{66FCEC5C-6170-46CF-8302-88486752AFFC}.Ad-Hoc|iPhoneSimulator.Deploy.0 = Ad-Hoc|iPhoneSimulator
		{66FCEC5C-6170-46CF-8302-88486752AFFC}.Ad-Hoc|Mixed Platforms.ActiveCfg = Ad-Hoc|iPhone
		{66FCEC5C-6170-46CF-8302-88486752AFFC}.Ad-Hoc|Mixed Platforms.Build.0 = Ad-Hoc|iPhone
		{66FCEC5C-6170-46CF-8302-88486752AFFC}.Ad-Hoc|Mixed Platforms.Deploy.0 = Ad-Hoc|iPhone
		{66FCEC5C-6170-46CF-8302-88486752AFFC}.Ad-Hoc|x86.ActiveCfg = Ad-Hoc|iPhone
		{66FCEC5C-6170-46CF-8302-88486752AFFC}.AppStore|Any CPU.ActiveCfg = AppStore|iPhone
		{66FCEC5C-6170-46CF-8302-88486752AFFC}.AppStore|ARM.ActiveCfg = AppStore|iPhone
		{66FCEC5C-6170-46CF-8302-88486752AFFC}.AppStore|iPhone.ActiveCfg = AppStore|iPhone
		{66FCEC5C-6170-46CF-8302-88486752AFFC}.AppStore|iPhone.Build.0 = AppStore|iPhone
		{66FCEC5C-6170-46CF-8302-88486752AFFC}.AppStore|iPhone.Deploy.0 = AppStore|iPhone
		{66FCEC5C-6170-46CF-8302-88486752AFFC}.AppStore|iPhoneSimulator.ActiveCfg = AppStore|iPhoneSimulator
		{66FCEC5C-6170-46CF-8302-88486752AFFC}.AppStore|iPhoneSimulator.Build.0 = AppStore|iPhoneSimulator
		{66FCEC5C-6170-46CF-8302-88486752AFFC}.AppStore|iPhoneSimulator.Deploy.0 = AppStore|iPhoneSimulator
		{66FCEC5C-6170-46CF-8302-88486752AFFC}.AppStore|Mixed Platforms.ActiveCfg = AppStore|iPhone
		{66FCEC5C-6170-46CF-8302-88486752AFFC}.AppStore|Mixed Platforms.Build.0 = AppStore|iPhone
		{66FCEC5C-6170-46CF-8302-88486752AFFC}.AppStore|Mixed Platforms.Deploy.0 = AppStore|iPhone
		{66FCEC5C-6170-46CF-8302-88486752AFFC}.AppStore|x86.ActiveCfg = AppStore|iPhone
		{66FCEC5C-6170-46CF-8302-88486752AFFC}.Debug|Any CPU.ActiveCfg = Debug|iPhone
		{66FCEC5C-6170-46CF-8302-88486752AFFC}.Debug|ARM.ActiveCfg = Debug|iPhone
		{66FCEC5C-6170-46CF-8302-88486752AFFC}.Debug|iPhone.ActiveCfg = Debug|iPhone
		{66FCEC5C-6170-46CF-8302-88486752AFFC}.Debug|iPhone.Build.0 = Debug|iPhone
		{66FCEC5C-6170-46CF-8302-88486752AFFC}.Debug|iPhone.Deploy.0 = Debug|iPhone
		{66FCEC5C-6170-46CF-8302-88486752AFFC}.Debug|iPhoneSimulator.ActiveCfg = Debug|iPhoneSimulator
		{66FCEC5C-6170-46CF-8302-88486752AFFC}.Debug|iPhoneSimulator.Build.0 = Debug|iPhoneSimulator
		{66FCEC5C-6170-46CF-8302-88486752AFFC}.Debug|iPhoneSimulator.Deploy.0 = Debug|iPhoneSimulator
		{66FCEC5C-6170-46CF-8302-88486752AFFC}.Debug|Mixed Platforms.ActiveCfg = Debug|iPhone
		{66FCEC5C-6170-46CF-8302-88486752AFFC}.Debug|Mixed Platforms.Build.0 = Debug|iPhone
		{66FCEC5C-6170-46CF-8302-88486752AFFC}.Debug|Mixed Platforms.Deploy.0 = Debug|iPhone
		{66FCEC5C-6170-46CF-8302-88486752AFFC}.Debug|x86.ActiveCfg = Debug|iPhone
		{66FCEC5C-6170-46CF-8302-88486752AFFC}.Release|Any CPU.ActiveCfg = Release|iPhone
		{66FCEC5C-6170-46CF-8302-88486752AFFC}.Release|ARM.ActiveCfg = Release|iPhone
		{66FCEC5C-6170-46CF-8302-88486752AFFC}.Release|iPhone.ActiveCfg = Release|iPhone
		{66FCEC5C-6170-46CF-8302-88486752AFFC}.Release|iPhone.Build.0 = Release|iPhone
		{66FCEC5C-6170-46CF-8302-88486752AFFC}.Release|iPhone.Deploy.0 = Release|iPhone
		{66FCEC5C-6170-46CF-8302-88486752AFFC}.Release|iPhoneSimulator.ActiveCfg = Release|iPhoneSimulator
		{66FCEC5C-6170-46CF-8302-88486752AFFC}.Release|iPhoneSimulator.Build.0 = Release|iPhoneSimulator
		{66FCEC5C-6170-46CF-8302-88486752AFFC}.Release|iPhoneSimulator.Deploy.0 = Release|iPhoneSimulator
		{66FCEC5C-6170-46CF-8302-88486752AFFC}.Release|Mixed Platforms.ActiveCfg = Release|iPhone
		{66FCEC5C-6170-46CF-8302-88486752AFFC}.Release|Mixed Platforms.Build.0 = Release|iPhone
		{66FCEC5C-6170-46CF-8302-88486752AFFC}.Release|Mixed Platforms.Deploy.0 = Release|iPhone
		{66FCEC5C-6170-46CF-8302-88486752AFFC}.Release|x86.ActiveCfg = Release|iPhone
		{20CC71F4-FE1E-4408-9B4D-B2F3E1B9DFAE}.Ad-Hoc|Any CPU.ActiveCfg = Release|Any CPU
		{20CC71F4-FE1E-4408-9B4D-B2F3E1B9DFAE}.Ad-Hoc|Any CPU.Build.0 = Release|Any CPU
		{20CC71F4-FE1E-4408-9B4D-B2F3E1B9DFAE}.Ad-Hoc|Any CPU.Deploy.0 = Release|Any CPU
		{20CC71F4-FE1E-4408-9B4D-B2F3E1B9DFAE}.Ad-Hoc|ARM.ActiveCfg = Release|Any CPU
		{20CC71F4-FE1E-4408-9B4D-B2F3E1B9DFAE}.Ad-Hoc|iPhone.ActiveCfg = Release|Any CPU
		{20CC71F4-FE1E-4408-9B4D-B2F3E1B9DFAE}.Ad-Hoc|iPhoneSimulator.ActiveCfg = Release|Any CPU
		{20CC71F4-FE1E-4408-9B4D-B2F3E1B9DFAE}.Ad-Hoc|Mixed Platforms.ActiveCfg = Release|Any CPU
		{20CC71F4-FE1E-4408-9B4D-B2F3E1B9DFAE}.Ad-Hoc|Mixed Platforms.Build.0 = Release|Any CPU
		{20CC71F4-FE1E-4408-9B4D-B2F3E1B9DFAE}.Ad-Hoc|Mixed Platforms.Deploy.0 = Release|Any CPU
		{20CC71F4-FE1E-4408-9B4D-B2F3E1B9DFAE}.Ad-Hoc|x86.ActiveCfg = Release|Any CPU
		{20CC71F4-FE1E-4408-9B4D-B2F3E1B9DFAE}.AppStore|Any CPU.ActiveCfg = Release|Any CPU
		{20CC71F4-FE1E-4408-9B4D-B2F3E1B9DFAE}.AppStore|Any CPU.Build.0 = Release|Any CPU
		{20CC71F4-FE1E-4408-9B4D-B2F3E1B9DFAE}.AppStore|Any CPU.Deploy.0 = Release|Any CPU
		{20CC71F4-FE1E-4408-9B4D-B2F3E1B9DFAE}.AppStore|ARM.ActiveCfg = Release|Any CPU
		{20CC71F4-FE1E-4408-9B4D-B2F3E1B9DFAE}.AppStore|iPhone.ActiveCfg = Release|Any CPU
		{20CC71F4-FE1E-4408-9B4D-B2F3E1B9DFAE}.AppStore|iPhoneSimulator.ActiveCfg = Release|Any CPU
		{20CC71F4-FE1E-4408-9B4D-B2F3E1B9DFAE}.AppStore|Mixed Platforms.ActiveCfg = Release|Any CPU
		{20CC71F4-FE1E-4408-9B4D-B2F3E1B9DFAE}.AppStore|Mixed Platforms.Build.0 = Release|Any CPU
		{20CC71F4-FE1E-4408-9B4D-B2F3E1B9DFAE}.AppStore|Mixed Platforms.Deploy.0 = Release|Any CPU
		{20CC71F4-FE1E-4408-9B4D-B2F3E1B9DFAE}.AppStore|x86.ActiveCfg = Release|Any CPU
		{20CC71F4-FE1E-4408-9B4D-B2F3E1B9DFAE}.Debug|Any CPU.ActiveCfg = Debug|Any CPU
		{20CC71F4-FE1E-4408-9B4D-B2F3E1B9DFAE}.Debug|Any CPU.Build.0 = Debug|Any CPU
		{20CC71F4-FE1E-4408-9B4D-B2F3E1B9DFAE}.Debug|Any CPU.Deploy.0 = Debug|Any CPU
		{20CC71F4-FE1E-4408-9B4D-B2F3E1B9DFAE}.Debug|ARM.ActiveCfg = Debug|Any CPU
		{20CC71F4-FE1E-4408-9B4D-B2F3E1B9DFAE}.Debug|iPhone.ActiveCfg = Debug|Any CPU
		{20CC71F4-FE1E-4408-9B4D-B2F3E1B9DFAE}.Debug|iPhoneSimulator.ActiveCfg = Debug|Any CPU
		{20CC71F4-FE1E-4408-9B4D-B2F3E1B9DFAE}.Debug|Mixed Platforms.ActiveCfg = Debug|Any CPU
		{20CC71F4-FE1E-4408-9B4D-B2F3E1B9DFAE}.Debug|Mixed Platforms.Build.0 = Debug|Any CPU
		{20CC71F4-FE1E-4408-9B4D-B2F3E1B9DFAE}.Debug|Mixed Platforms.Deploy.0 = Debug|Any CPU
		{20CC71F4-FE1E-4408-9B4D-B2F3E1B9DFAE}.Debug|x86.ActiveCfg = Debug|Any CPU
		{20CC71F4-FE1E-4408-9B4D-B2F3E1B9DFAE}.Release|Any CPU.ActiveCfg = Release|Any CPU
		{20CC71F4-FE1E-4408-9B4D-B2F3E1B9DFAE}.Release|Any CPU.Build.0 = Release|Any CPU
		{20CC71F4-FE1E-4408-9B4D-B2F3E1B9DFAE}.Release|Any CPU.Deploy.0 = Release|Any CPU
		{20CC71F4-FE1E-4408-9B4D-B2F3E1B9DFAE}.Release|ARM.ActiveCfg = Release|Any CPU
		{20CC71F4-FE1E-4408-9B4D-B2F3E1B9DFAE}.Release|iPhone.ActiveCfg = Release|Any CPU
		{20CC71F4-FE1E-4408-9B4D-B2F3E1B9DFAE}.Release|iPhoneSimulator.ActiveCfg = Release|Any CPU
		{20CC71F4-FE1E-4408-9B4D-B2F3E1B9DFAE}.Release|Mixed Platforms.ActiveCfg = Release|Any CPU
		{20CC71F4-FE1E-4408-9B4D-B2F3E1B9DFAE}.Release|Mixed Platforms.Build.0 = Release|Any CPU
		{20CC71F4-FE1E-4408-9B4D-B2F3E1B9DFAE}.Release|Mixed Platforms.Deploy.0 = Release|Any CPU
		{20CC71F4-FE1E-4408-9B4D-B2F3E1B9DFAE}.Release|x86.ActiveCfg = Release|Any CPU
		{9D2BFCB5-2628-49FC-91EF-BCBCACDCE034}.Ad-Hoc|Any CPU.ActiveCfg = Release|Any CPU
		{9D2BFCB5-2628-49FC-91EF-BCBCACDCE034}.Ad-Hoc|Any CPU.Build.0 = Release|Any CPU
		{9D2BFCB5-2628-49FC-91EF-BCBCACDCE034}.Ad-Hoc|Any CPU.Deploy.0 = Release|Any CPU
		{9D2BFCB5-2628-49FC-91EF-BCBCACDCE034}.Ad-Hoc|ARM.ActiveCfg = Release|ARM
		{9D2BFCB5-2628-49FC-91EF-BCBCACDCE034}.Ad-Hoc|ARM.Build.0 = Release|ARM
		{9D2BFCB5-2628-49FC-91EF-BCBCACDCE034}.Ad-Hoc|ARM.Deploy.0 = Release|ARM
		{9D2BFCB5-2628-49FC-91EF-BCBCACDCE034}.Ad-Hoc|iPhone.ActiveCfg = Release|Any CPU
		{9D2BFCB5-2628-49FC-91EF-BCBCACDCE034}.Ad-Hoc|iPhoneSimulator.ActiveCfg = Release|Any CPU
		{9D2BFCB5-2628-49FC-91EF-BCBCACDCE034}.Ad-Hoc|Mixed Platforms.ActiveCfg = Release|x86
		{9D2BFCB5-2628-49FC-91EF-BCBCACDCE034}.Ad-Hoc|Mixed Platforms.Build.0 = Release|x86
		{9D2BFCB5-2628-49FC-91EF-BCBCACDCE034}.Ad-Hoc|Mixed Platforms.Deploy.0 = Release|x86
		{9D2BFCB5-2628-49FC-91EF-BCBCACDCE034}.Ad-Hoc|x86.ActiveCfg = Release|x86
		{9D2BFCB5-2628-49FC-91EF-BCBCACDCE034}.Ad-Hoc|x86.Build.0 = Release|x86
		{9D2BFCB5-2628-49FC-91EF-BCBCACDCE034}.Ad-Hoc|x86.Deploy.0 = Release|x86
		{9D2BFCB5-2628-49FC-91EF-BCBCACDCE034}.AppStore|Any CPU.ActiveCfg = Release|Any CPU
		{9D2BFCB5-2628-49FC-91EF-BCBCACDCE034}.AppStore|Any CPU.Build.0 = Release|Any CPU
		{9D2BFCB5-2628-49FC-91EF-BCBCACDCE034}.AppStore|Any CPU.Deploy.0 = Release|Any CPU
		{9D2BFCB5-2628-49FC-91EF-BCBCACDCE034}.AppStore|ARM.ActiveCfg = Release|ARM
		{9D2BFCB5-2628-49FC-91EF-BCBCACDCE034}.AppStore|ARM.Build.0 = Release|ARM
		{9D2BFCB5-2628-49FC-91EF-BCBCACDCE034}.AppStore|ARM.Deploy.0 = Release|ARM
		{9D2BFCB5-2628-49FC-91EF-BCBCACDCE034}.AppStore|iPhone.ActiveCfg = Release|Any CPU
		{9D2BFCB5-2628-49FC-91EF-BCBCACDCE034}.AppStore|iPhoneSimulator.ActiveCfg = Release|Any CPU
		{9D2BFCB5-2628-49FC-91EF-BCBCACDCE034}.AppStore|Mixed Platforms.ActiveCfg = Release|x86
		{9D2BFCB5-2628-49FC-91EF-BCBCACDCE034}.AppStore|Mixed Platforms.Build.0 = Release|x86
		{9D2BFCB5-2628-49FC-91EF-BCBCACDCE034}.AppStore|Mixed Platforms.Deploy.0 = Release|x86
		{9D2BFCB5-2628-49FC-91EF-BCBCACDCE034}.AppStore|x86.ActiveCfg = Release|x86
		{9D2BFCB5-2628-49FC-91EF-BCBCACDCE034}.AppStore|x86.Build.0 = Release|x86
		{9D2BFCB5-2628-49FC-91EF-BCBCACDCE034}.AppStore|x86.Deploy.0 = Release|x86
		{9D2BFCB5-2628-49FC-91EF-BCBCACDCE034}.Debug|Any CPU.ActiveCfg = Debug|Any CPU
		{9D2BFCB5-2628-49FC-91EF-BCBCACDCE034}.Debug|Any CPU.Build.0 = Debug|Any CPU
		{9D2BFCB5-2628-49FC-91EF-BCBCACDCE034}.Debug|Any CPU.Deploy.0 = Debug|Any CPU
		{9D2BFCB5-2628-49FC-91EF-BCBCACDCE034}.Debug|ARM.ActiveCfg = Debug|ARM
		{9D2BFCB5-2628-49FC-91EF-BCBCACDCE034}.Debug|ARM.Build.0 = Debug|ARM
		{9D2BFCB5-2628-49FC-91EF-BCBCACDCE034}.Debug|ARM.Deploy.0 = Debug|ARM
		{9D2BFCB5-2628-49FC-91EF-BCBCACDCE034}.Debug|iPhone.ActiveCfg = Debug|Any CPU
		{9D2BFCB5-2628-49FC-91EF-BCBCACDCE034}.Debug|iPhoneSimulator.ActiveCfg = Debug|Any CPU
		{9D2BFCB5-2628-49FC-91EF-BCBCACDCE034}.Debug|Mixed Platforms.ActiveCfg = Debug|x86
		{9D2BFCB5-2628-49FC-91EF-BCBCACDCE034}.Debug|Mixed Platforms.Build.0 = Debug|x86
		{9D2BFCB5-2628-49FC-91EF-BCBCACDCE034}.Debug|Mixed Platforms.Deploy.0 = Debug|x86
		{9D2BFCB5-2628-49FC-91EF-BCBCACDCE034}.Debug|x86.ActiveCfg = Debug|x86
		{9D2BFCB5-2628-49FC-91EF-BCBCACDCE034}.Debug|x86.Build.0 = Debug|x86
		{9D2BFCB5-2628-49FC-91EF-BCBCACDCE034}.Debug|x86.Deploy.0 = Debug|x86
		{9D2BFCB5-2628-49FC-91EF-BCBCACDCE034}.Release|Any CPU.ActiveCfg = Release|Any CPU
		{9D2BFCB5-2628-49FC-91EF-BCBCACDCE034}.Release|Any CPU.Build.0 = Release|Any CPU
		{9D2BFCB5-2628-49FC-91EF-BCBCACDCE034}.Release|Any CPU.Deploy.0 = Release|Any CPU
		{9D2BFCB5-2628-49FC-91EF-BCBCACDCE034}.Release|ARM.ActiveCfg = Release|ARM
		{9D2BFCB5-2628-49FC-91EF-BCBCACDCE034}.Release|ARM.Build.0 = Release|ARM
		{9D2BFCB5-2628-49FC-91EF-BCBCACDCE034}.Release|ARM.Deploy.0 = Release|ARM
		{9D2BFCB5-2628-49FC-91EF-BCBCACDCE034}.Release|iPhone.ActiveCfg = Release|Any CPU
		{9D2BFCB5-2628-49FC-91EF-BCBCACDCE034}.Release|iPhoneSimulator.ActiveCfg = Release|Any CPU
		{9D2BFCB5-2628-49FC-91EF-BCBCACDCE034}.Release|Mixed Platforms.ActiveCfg = Release|x86
		{9D2BFCB5-2628-49FC-91EF-BCBCACDCE034}.Release|Mixed Platforms.Build.0 = Release|x86
		{9D2BFCB5-2628-49FC-91EF-BCBCACDCE034}.Release|Mixed Platforms.Deploy.0 = Release|x86
		{9D2BFCB5-2628-49FC-91EF-BCBCACDCE034}.Release|x86.ActiveCfg = Release|x86
		{9D2BFCB5-2628-49FC-91EF-BCBCACDCE034}.Release|x86.Build.0 = Release|x86
		{9D2BFCB5-2628-49FC-91EF-BCBCACDCE034}.Release|x86.Deploy.0 = Release|x86
	EndGlobalSection
	GlobalSection(SolutionProperties) = preSolution
		HideSolutionNode = FALSE
	EndGlobalSection
EndGlobal
